
Microsoft Visual Studio Solution File, Format Version 12.00
# Visual Studio Version 16
VisualStudioVersion = 16.0.31613.86
MinimumVisualStudioVersion = 10.0.40219.1
Project("{FAE04EC0-301F-11D3-BF4B-00C04F79EFBC}") = "SistemaBorrador", "SistemaBorrador\SistemaBorrador.csproj", "{EC4EBCF5-420F-4E5B-ADA1-337478D679A6}"
EndProject
Global
	GlobalSection(SolutionConfigurationPlatforms) = preSolution
		Debug|Any CPU = Debug|Any CPU
		Release|Any CPU = Release|Any CPU
	EndGlobalSection
	GlobalSection(ProjectConfigurationPlatforms) = postSolution
		{EC4EBCF5-420F-4E5B-ADA1-337478D679A6}.Debug|Any CPU.ActiveCfg = Debug|Any CPU
		{EC4EBCF5-420F-4E5B-ADA1-337478D679A6}.Debug|Any CPU.Build.0 = Debug|Any CPU
		{EC4EBCF5-420F-4E5B-ADA1-337478D679A6}.Release|Any CPU.ActiveCfg = Release|Any CPU
		{EC4EBCF5-420F-4E5B-ADA1-337478D679A6}.Release|Any CPU.Build.0 = Release|Any CPU
	EndGlobalSection
	GlobalSection(SolutionProperties) = preSolution
		HideSolutionNode = FALSE
	EndGlobalSection
	GlobalSection(ExtensibilityGlobals) = postSolution
		SolutionGuid = {9DF0FB9F-1613-42F4-BA48-93A8040240C4}
	EndGlobalSection
EndGlobal
